# THIS IS AN AUTOGENERATED FILE. DO NOT EDIT THIS FILE DIRECTLY.
# yarn lockfile v1


serverless-ruby-package@^1.1.1:
  version "1.1.1"
  resolved "https://registry.yarnpkg.com/serverless-ruby-package/-/serverless-ruby-package-1.1.1.tgz#696dcc358a9e46d0575fffc14d416adfea65466c"
  integrity sha512-K4qCMk30PFVt0rxIcBpP+MkruCiJoRkktnm4I9LdwWYKuRGvLZY5Zo/wQn7APSRlah8InYeDfPsWZKnQk9KPLg==
